
Microsoft Visual Studio Solution File, Format Version 12.00
# Visual Studio Version 16
VisualStudioVersion = 16.0.31424.327
MinimumVisualStudioVersion = 10.0.40219.1
Project("{9A19103F-16F7-4668-BE54-9A1E7A4F7556}") = "AspNetCore5.0_LibraryProject", "AspNetCore5.0_LibraryProject\AspNetCore5.0_LibraryProject.csproj", "{DE434604-0E3B-4FEB-9DDF-11308132F0B9}"
EndProject
Project("{9A19103F-16F7-4668-BE54-9A1E7A4F7556}") = "EntityLayer", "EntityLayer\EntityLayer.csproj", "{394FF7AF-9744-4C72-B2E4-A1A7886E29FB}"
EndProject
Project("{FAE04EC0-301F-11D3-BF4B-00C04F79EFBC}") = "DataAccessLayer", "DataAccessLayer\DataAccessLayer.csproj", "{5E8E3DAA-4E72-48F1-B251-5F564FDDFA05}"
EndProject
Project("{FAE04EC0-301F-11D3-BF4B-00C04F79EFBC}") = "CoreLayer", "CoreLayer\CoreLayer.csproj", "{889EF496-CEB1-446D-95F2-85ED91AC3678}"
EndProject
Project("{FAE04EC0-301F-11D3-BF4B-00C04F79EFBC}") = "BusinessLayer", "BusinessLayer\BusinessLayer.csproj", "{3530649A-E14D-4D15-A0B6-378452670978}"
EndProject
Global
	GlobalSection(SolutionConfigurationPlatforms) = preSolution
		Debug|Any CPU = Debug|Any CPU
		Release|Any CPU = Release|Any CPU
	EndGlobalSection
	GlobalSection(ProjectConfigurationPlatforms) = postSolution
		{DE434604-0E3B-4FEB-9DDF-11308132F0B9}.Debug|Any CPU.ActiveCfg = Debug|Any CPU
		{DE434604-0E3B-4FEB-9DDF-11308132F0B9}.Debug|Any CPU.Build.0 = Debug|Any CPU
		{DE434604-0E3B-4FEB-9DDF-11308132F0B9}.Release|Any CPU.ActiveCfg = Release|Any CPU
		{DE434604-0E3B-4FEB-9DDF-11308132F0B9}.Release|Any CPU.Build.0 = Release|Any CPU
		{394FF7AF-9744-4C72-B2E4-A1A7886E29FB}.Debug|Any CPU.ActiveCfg = Debug|Any CPU
		{394FF7AF-9744-4C72-B2E4-A1A7886E29FB}.Debug|Any CPU.Build.0 = Debug|Any CPU
		{394FF7AF-9744-4C72-B2E4-A1A7886E29FB}.Release|Any CPU.ActiveCfg = Release|Any CPU
		{394FF7AF-9744-4C72-B2E4-A1A7886E29FB}.Release|Any CPU.Build.0 = Release|Any CPU
		{5E8E3DAA-4E72-48F1-B251-5F564FDDFA05}.Debug|Any CPU.ActiveCfg = Debug|Any CPU
		{5E8E3DAA-4E72-48F1-B251-5F564FDDFA05}.Debug|Any CPU.Build.0 = Debug|Any CPU
		{5E8E3DAA-4E72-48F1-B251-5F564FDDFA05}.Release|Any CPU.ActiveCfg = Release|Any CPU
		{5E8E3DAA-4E72-48F1-B251-5F564FDDFA05}.Release|Any CPU.Build.0 = Release|Any CPU
		{889EF496-CEB1-446D-95F2-85ED91AC3678}.Debug|Any CPU.ActiveCfg = Debug|Any CPU
		{889EF496-CEB1-446D-95F2-85ED91AC3678}.Debug|Any CPU.Build.0 = Debug|Any CPU
		{889EF496-CEB1-446D-95F2-85ED91AC3678}.Release|Any CPU.ActiveCfg = Release|Any CPU
		{889EF496-CEB1-446D-95F2-85ED91AC3678}.Release|Any CPU.Build.0 = Release|Any CPU
		{3530649A-E14D-4D15-A0B6-378452670978}.Debug|Any CPU.ActiveCfg = Debug|Any CPU
		{3530649A-E14D-4D15-A0B6-378452670978}.Debug|Any CPU.Build.0 = Debug|Any CPU
		{3530649A-E14D-4D15-A0B6-378452670978}.Release|Any CPU.ActiveCfg = Release|Any CPU
		{3530649A-E14D-4D15-A0B6-378452670978}.Release|Any CPU.Build.0 = Release|Any CPU
	EndGlobalSection
	GlobalSection(SolutionProperties) = preSolution
		HideSolutionNode = FALSE
	EndGlobalSection
	GlobalSection(ExtensibilityGlobals) = postSolution
		SolutionGuid = {D7A36023-A2C1-45B1-8E6B-C23EB9A9EAE6}
	EndGlobalSection
EndGlobal
